
Microsoft Visual Studio Solution File, Format Version 12.00
# Visual Studio Version 16
VisualStudioVersion = 16.0.30804.86
MinimumVisualStudioVersion = 10.0.40219.1
Project("{9A19103F-16F7-4668-BE54-9A1E7A4F7556}") = "KampIntro", "KampIntro\KampIntro.csproj", "{CAA66073-C766-44AF-B380-AACD9B0D6447}"
EndProject
Project("{9A19103F-16F7-4668-BE54-9A1E7A4F7556}") = "Donguler", "Donguler\Donguler.csproj", "{2A1B96EC-9312-4B46-A92D-E29FB9C3D7C7}"
EndProject
Project("{9A19103F-16F7-4668-BE54-9A1E7A4F7556}") = "ClassIntro", "ClassIntro\ClassIntro.csproj", "{F099A876-8264-4A39-8AEB-ED541BD487CD}"
EndProject
Project("{FAE04EC0-301F-11D3-BF4B-00C04F79EFBC}") = "Metotlar", "Metotlar\Metotlar.csproj", "{3833F84A-6105-4982-9154-1EA09E710E39}"
EndProject
Project("{FAE04EC0-301F-11D3-BF4B-00C04F79EFBC}") = "Matematik", "Matematik\Matematik.csproj", "{0E5F5B2B-73AE-4BE1-B6EB-3ECD5C0FB855}"
EndProject
Project("{FAE04EC0-301F-11D3-BF4B-00C04F79EFBC}") = "DegerVeReferansTipler", "DegerVeReferansTipler\DegerVeReferansTipler.csproj", "{BF7BBCAF-CE7C-4796-AB6A-79399C8B025C}"
EndProject
Global
	GlobalSection(SolutionConfigurationPlatforms) = preSolution
		Debug|Any CPU = Debug|Any CPU
		Release|Any CPU = Release|Any CPU
	EndGlobalSection
	GlobalSection(ProjectConfigurationPlatforms) = postSolution
		{CAA66073-C766-44AF-B380-AACD9B0D6447}.Debug|Any CPU.ActiveCfg = Debug|Any CPU
		{CAA66073-C766-44AF-B380-AACD9B0D6447}.Debug|Any CPU.Build.0 = Debug|Any CPU
		{CAA66073-C766-44AF-B380-AACD9B0D6447}.Release|Any CPU.ActiveCfg = Release|Any CPU
		{CAA66073-C766-44AF-B380-AACD9B0D6447}.Release|Any CPU.Build.0 = Release|Any CPU
		{2A1B96EC-9312-4B46-A92D-E29FB9C3D7C7}.Debug|Any CPU.ActiveCfg = Debug|Any CPU
		{2A1B96EC-9312-4B46-A92D-E29FB9C3D7C7}.Debug|Any CPU.Build.0 = Debug|Any CPU
		{2A1B96EC-9312-4B46-A92D-E29FB9C3D7C7}.Release|Any CPU.ActiveCfg = Release|Any CPU
		{2A1B96EC-9312-4B46-A92D-E29FB9C3D7C7}.Release|Any CPU.Build.0 = Release|Any CPU
		{F099A876-8264-4A39-8AEB-ED541BD487CD}.Debug|Any CPU.ActiveCfg = Debug|Any CPU
		{F099A876-8264-4A39-8AEB-ED541BD487CD}.Debug|Any CPU.Build.0 = Debug|Any CPU
		{F099A876-8264-4A39-8AEB-ED541BD487CD}.Release|Any CPU.ActiveCfg = Release|Any CPU
		{F099A876-8264-4A39-8AEB-ED541BD487CD}.Release|Any CPU.Build.0 = Release|Any CPU
		{3833F84A-6105-4982-9154-1EA09E710E39}.Debug|Any CPU.ActiveCfg = Debug|Any CPU
		{3833F84A-6105-4982-9154-1EA09E710E39}.Debug|Any CPU.Build.0 = Debug|Any CPU
		{3833F84A-6105-4982-9154-1EA09E710E39}.Release|Any CPU.ActiveCfg = Release|Any CPU
		{3833F84A-6105-4982-9154-1EA09E710E39}.Release|Any CPU.Build.0 = Release|Any CPU
		{0E5F5B2B-73AE-4BE1-B6EB-3ECD5C0FB855}.Debug|Any CPU.ActiveCfg = Debug|Any CPU
		{0E5F5B2B-73AE-4BE1-B6EB-3ECD5C0FB855}.Debug|Any CPU.Build.0 = Debug|Any CPU
		{0E5F5B2B-73AE-4BE1-B6EB-3ECD5C0FB855}.Release|Any CPU.ActiveCfg = Release|Any CPU
		{0E5F5B2B-73AE-4BE1-B6EB-3ECD5C0FB855}.Release|Any CPU.Build.0 = Release|Any CPU
		{BF7BBCAF-CE7C-4796-AB6A-79399C8B025C}.Debug|Any CPU.ActiveCfg = Debug|Any CPU
		{BF7BBCAF-CE7C-4796-AB6A-79399C8B025C}.Debug|Any CPU.Build.0 = Debug|Any CPU
		{BF7BBCAF-CE7C-4796-AB6A-79399C8B025C}.Release|Any CPU.ActiveCfg = Release|Any CPU
		{BF7BBCAF-CE7C-4796-AB6A-79399C8B025C}.Release|Any CPU.Build.0 = Release|Any CPU
	EndGlobalSection
	GlobalSection(SolutionProperties) = preSolution
		HideSolutionNode = FALSE
	EndGlobalSection
	GlobalSection(ExtensibilityGlobals) = postSolution
		SolutionGuid = {344A10AC-1FDA-4BCE-9E8A-066A012867CF}
	EndGlobalSection
EndGlobal
